
Microsoft Visual Studio Solution File, Format Version 12.00
# Visual Studio Version 17
VisualStudioVersion = 17.0.31903.59
MinimumVisualStudioVersion = 10.0.40219.1
Project("{2150E333-8FDC-42A3-9474-1A3956D46DE8}") = "src", "src", "{827E0CD3-B72D-47B6-A68D-7590B98EB39B}"
EndProject
Project("{FAE04EC0-301F-11D3-BF4B-00C04F79EFBC}") = "FeeQuery.Shared", "src\FeeQuery.Shared\FeeQuery.Shared.csproj", "{6BBFA1B0-9C9A-4F65-9C77-AE46AEECC734}"
EndProject
Project("{FAE04EC0-301F-11D3-BF4B-00C04F79EFBC}") = "FeeQuery.Data", "src\FeeQuery.Data\FeeQuery.Data.csproj", "{C37270EB-A391-4FC7-BC1C-8FC5981D49E2}"
EndProject
Project("{FAE04EC0-301F-11D3-BF4B-00C04F79EFBC}") = "FeeQuery.Core", "src\FeeQuery.Core\FeeQuery.Core.csproj", "{1353706D-27FD-4F7F-A223-F09AB884964D}"
EndProject
Project("{FAE04EC0-301F-11D3-BF4B-00C04F79EFBC}") = "FeeQuery.Web", "src\FeeQuery.Web\FeeQuery.Web.csproj", "{A55D14DB-7467-4593-88A1-D328C59A83AD}"
EndProject
Project("{2150E333-8FDC-42A3-9474-1A3956D46DE8}") = "tests", "tests", "{0AB3BF05-4346-4AA6-1389-037BE0695223}"
EndProject
Project("{FAE04EC0-301F-11D3-BF4B-00C04F79EFBC}") = "FeeQuery.Tests", "tests\FeeQuery.Tests\FeeQuery.Tests.csproj", "{20BCC2AE-3793-45A0-BE86-5F235D225B0C}"
EndProject
Project("{2150E333-8FDC-42A3-9474-1A3956D46DE8}") = "FeeQuery.Providers", "FeeQuery.Providers", "{10D03555-1DFD-BC6C-709C-DB2102DC53DE}"
EndProject
Project("{2150E333-8FDC-42A3-9474-1A3956D46DE8}") = "Alibaba", "Alibaba", "{FC4C624B-A9E1-4FDB-7A77-11C0F82B626C}"
EndProject
Project("{FAE04EC0-301F-11D3-BF4B-00C04F79EFBC}") = "FeeQuery.Providers.Alibaba", "src\FeeQuery.Providers\Alibaba\FeeQuery.Providers.Alibaba.csproj", "{2CEF2E69-040A-4C3C-898E-6946AB9F1D33}"
EndProject
Project("{2150E333-8FDC-42A3-9474-1A3956D46DE8}") = "Volcano", "Volcano", "{F87AFA21-5472-9BB1-6ADD-D7A5F199937E}"
EndProject
Project("{FAE04EC0-301F-11D3-BF4B-00C04F79EFBC}") = "FeeQuery.Providers.Volcano", "src\FeeQuery.Providers\Volcano\FeeQuery.Providers.Volcano.csproj", "{E5460D4C-3E2F-4ED4-B7B5-749BD7F79F36}"
EndProject
Project("{2150E333-8FDC-42A3-9474-1A3956D46DE8}") = "Huawei", "Huawei", "{77D76CBF-1F7F-8195-B5A6-0B3F5F3A479C}"
EndProject
Project("{FAE04EC0-301F-11D3-BF4B-00C04F79EFBC}") = "FeeQuery.Providers.Huawei", "src\FeeQuery.Providers\Huawei\FeeQuery.Providers.Huawei.csproj", "{6432E540-F5DF-442C-9D2E-0F21A3A4DB1B}"
EndProject
Project("{2150E333-8FDC-42A3-9474-1A3956D46DE8}") = "Tencent", "Tencent", "{6964F841-99E8-6AC2-C93E-D5647B93C489}"
EndProject
Project("{FAE04EC0-301F-11D3-BF4B-00C04F79EFBC}") = "FeeQuery.Providers.Tencent", "src\FeeQuery.Providers\Tencent\FeeQuery.Providers.Tencent.csproj", "{8E7BB1DE-64C1-4069-B968-4F0C0C18D7C0}"
EndProject
Project("{2150E333-8FDC-42A3-9474-1A3956D46DE8}") = "Baidu", "Baidu", "{C5D5CBD2-BFD0-EECD-1C90-A3C9AB478E5C}"
EndProject
Project("{FAE04EC0-301F-11D3-BF4B-00C04F79EFBC}") = "FeeQuery.Providers.Baidu", "src\FeeQuery.Providers\Baidu\FeeQuery.Providers.Baidu.csproj", "{F864F442-5A3E-4F00-9E18-9BE9F5DFC3A9}"
EndProject
Project("{2150E333-8FDC-42A3-9474-1A3956D46DE8}") = "MiniMax", "MiniMax", "{B677DE33-B82A-1BEE-0747-6823C919C121}"
EndProject
Project("{FAE04EC0-301F-11D3-BF4B-00C04F79EFBC}") = "FeeQuery.Providers.MiniMax", "src\FeeQuery.Providers\MiniMax\FeeQuery.Providers.MiniMax.csproj", "{3C4C50E8-F27D-4450-846A-505EE842F443}"
EndProject
Project("{2150E333-8FDC-42A3-9474-1A3956D46DE8}") = "SiliconFlow", "SiliconFlow", "{A8B3C912-4D5E-46F7-8A9B-0C1D2E3F4A5B}"
EndProject
Project("{FAE04EC0-301F-11D3-BF4B-00C04F79EFBC}") = "FeeQuery.Providers.SiliconFlow", "src\FeeQuery.Providers\SiliconFlow\FeeQuery.Providers.SiliconFlow.csproj", "{B9C4D023-5E6F-47A8-9B0C-1D2E3F4A5B6C}"
EndProject
Project("{2150E333-8FDC-42A3-9474-1A3956D46DE8}") = "WanjieFangzhou", "WanjieFangzhou", "{C1D2E3F4-A5B6-47C8-9D0E-1F2A3B4C5D6E}"
EndProject
Project("{FAE04EC0-301F-11D3-BF4B-00C04F79EFBC}") = "FeeQuery.Providers.WanjieFangzhou", "src\FeeQuery.Providers\WanjieFangzhou\FeeQuery.Providers.WanjieFangzhou.csproj", "{E4D3C2B1-F6E5-48A7-B9C0-2D1E3F4A5B6C}"
EndProject
Project("{2150E333-8FDC-42A3-9474-1A3956D46DE8}") = "FeeQuery.Notifications", "FeeQuery.Notifications", "{42FBACD1-6B5C-D3EA-AC48-E75B82BCE2FA}"
EndProject
Project("{2150E333-8FDC-42A3-9474-1A3956D46DE8}") = "DingTalk", "DingTalk", "{36DD529A-1432-9173-7BF6-453EFDCD4899}"
EndProject
Project("{FAE04EC0-301F-11D3-BF4B-00C04F79EFBC}") = "FeeQuery.Notifications.DingTalk", "src\FeeQuery.Notifications\DingTalk\FeeQuery.Notifications.DingTalk.csproj", "{C7CD0C7E-2907-4820-9066-D62D07DCF18D}"
EndProject
Project("{2150E333-8FDC-42A3-9474-1A3956D46DE8}") = "Smtp", "Smtp", "{7D198762-E409-2DFF-7CB1-D713EAA59A2C}"
EndProject
Project("{FAE04EC0-301F-11D3-BF4B-00C04F79EFBC}") = "FeeQuery.Notifications.Smtp", "src\FeeQuery.Notifications\Smtp\FeeQuery.Notifications.Smtp.csproj", "{C572D9DB-1742-40E0-AE90-96A7ED818A00}"
EndProject
Project("{2150E333-8FDC-42A3-9474-1A3956D46DE8}") = "Common", "Common", "{51E090A5-EAC9-FF22-8B21-E4D019A05697}"
EndProject
Project("{FAE04EC0-301F-11D3-BF4B-00C04F79EFBC}") = "FeeQuery.Providers.Common", "src\FeeQuery.Providers\Common\FeeQuery.Providers.Common.csproj", "{5C57E362-4D87-430A-BD8E-631457F5FEE5}"
EndProject
Global
	GlobalSection(SolutionConfigurationPlatforms) = preSolution
		Debug|Any CPU = Debug|Any CPU
		Debug|x64 = Debug|x64
		Debug|x86 = Debug|x86
		Release|Any CPU = Release|Any CPU
		Release|x64 = Release|x64
		Release|x86 = Release|x86
	EndGlobalSection
	GlobalSection(ProjectConfigurationPlatforms) = postSolution
		{6BBFA1B0-9C9A-4F65-9C77-AE46AEECC734}.Debug|Any CPU.ActiveCfg = Debug|Any CPU
		{6BBFA1B0-9C9A-4F65-9C77-AE46AEECC734}.Debug|Any CPU.Build.0 = Debug|Any CPU
		{6BBFA1B0-9C9A-4F65-9C77-AE46AEECC734}.Debug|x64.ActiveCfg = Debug|Any CPU
		{6BBFA1B0-9C9A-4F65-9C77-AE46AEECC734}.Debug|x64.Build.0 = Debug|Any CPU
		{6BBFA1B0-9C9A-4F65-9C77-AE46AEECC734}.Debug|x86.ActiveCfg = Debug|Any CPU
		{6BBFA1B0-9C9A-4F65-9C77-AE46AEECC734}.Debug|x86.Build.0 = Debug|Any CPU
		{6BBFA1B0-9C9A-4F65-9C77-AE46AEECC734}.Release|Any CPU.ActiveCfg = Release|Any CPU
		{6BBFA1B0-9C9A-4F65-9C77-AE46AEECC734}.Release|Any CPU.Build.0 = Release|Any CPU
		{6BBFA1B0-9C9A-4F65-9C77-AE46AEECC734}.Release|x64.ActiveCfg = Release|Any CPU
		{6BBFA1B0-9C9A-4F65-9C77-AE46AEECC734}.Release|x64.Build.0 = Release|Any CPU
		{6BBFA1B0-9C9A-4F65-9C77-AE46AEECC734}.Release|x86.ActiveCfg = Release|Any CPU
		{6BBFA1B0-9C9A-4F65-9C77-AE46AEECC734}.Release|x86.Build.0 = Release|Any CPU
		{C37270EB-A391-4FC7-BC1C-8FC5981D49E2}.Debug|Any CPU.ActiveCfg = Debug|Any CPU
		{C37270EB-A391-4FC7-BC1C-8FC5981D49E2}.Debug|Any CPU.Build.0 = Debug|Any CPU
		{C37270EB-A391-4FC7-BC1C-8FC5981D49E2}.Debug|x64.ActiveCfg = Debug|Any CPU
		{C37270EB-A391-4FC7-BC1C-8FC5981D49E2}.Debug|x64.Build.0 = Debug|Any CPU
		{C37270EB-A391-4FC7-BC1C-8FC5981D49E2}.Debug|x86.ActiveCfg = Debug|Any CPU
		{C37270EB-A391-4FC7-BC1C-8FC5981D49E2}.Debug|x86.Build.0 = Debug|Any CPU
		{C37270EB-A391-4FC7-BC1C-8FC5981D49E2}.Release|Any CPU.ActiveCfg = Release|Any CPU
		{C37270EB-A391-4FC7-BC1C-8FC5981D49E2}.Release|Any CPU.Build.0 = Release|Any CPU
		{C37270EB-A391-4FC7-BC1C-8FC5981D49E2}.Release|x64.ActiveCfg = Release|Any CPU
		{C37270EB-A391-4FC7-BC1C-8FC5981D49E2}.Release|x64.Build.0 = Release|Any CPU
		{C37270EB-A391-4FC7-BC1C-8FC5981D49E2}.Release|x86.ActiveCfg = Release|Any CPU
		{C37270EB-A391-4FC7-BC1C-8FC5981D49E2}.Release|x86.Build.0 = Release|Any CPU
		{1353706D-27FD-4F7F-A223-F09AB884964D}.Debug|Any CPU.ActiveCfg = Debug|Any CPU
		{1353706D-27FD-4F7F-A223-F09AB884964D}.Debug|Any CPU.Build.0 = Debug|Any CPU
		{1353706D-27FD-4F7F-A223-F09AB884964D}.Debug|x64.ActiveCfg = Debug|Any CPU
		{1353706D-27FD-4F7F-A223-F09AB884964D}.Debug|x64.Build.0 = Debug|Any CPU
		{1353706D-27FD-4F7F-A223-F09AB884964D}.Debug|x86.ActiveCfg = Debug|Any CPU
		{1353706D-27FD-4F7F-A223-F09AB884964D}.Debug|x86.Build.0 = Debug|Any CPU
		{1353706D-27FD-4F7F-A223-F09AB884964D}.Release|Any CPU.ActiveCfg = Release|Any CPU
		{1353706D-27FD-4F7F-A223-F09AB884964D}.Release|Any CPU.Build.0 = Release|Any CPU
		{1353706D-27FD-4F7F-A223-F09AB884964D}.Release|x64.ActiveCfg = Release|Any CPU
		{1353706D-27FD-4F7F-A223-F09AB884964D}.Release|x64.Build.0 = Release|Any CPU
		{1353706D-27FD-4F7F-A223-F09AB884964D}.Release|x86.ActiveCfg = Release|Any CPU
		{1353706D-27FD-4F7F-A223-F09AB884964D}.Release|x86.Build.0 = Release|Any CPU
		{A55D14DB-7467-4593-88A1-D328C59A83AD}.Debug|Any CPU.ActiveCfg = Debug|Any CPU
		{A55D14DB-7467-4593-88A1-D328C59A83AD}.Debug|Any CPU.Build.0 = Debug|Any CPU
		{A55D14DB-7467-4593-88A1-D328C59A83AD}.Debug|x64.ActiveCfg = Debug|Any CPU
		{A55D14DB-7467-4593-88A1-D328C59A83AD}.Debug|x64.Build.0 = Debug|Any CPU
		{A55D14DB-7467-4593-88A1-D328C59A83AD}.Debug|x86.ActiveCfg = Debug|Any CPU
		{A55D14DB-7467-4593-88A1-D328C59A83AD}.Debug|x86.Build.0 = Debug|Any CPU
		{A55D14DB-7467-4593-88A1-D328C59A83AD}.Release|Any CPU.ActiveCfg = Release|Any CPU
		{A55D14DB-7467-4593-88A1-D328C59A83AD}.Release|Any CPU.Build.0 = Release|Any CPU
		{A55D14DB-7467-4593-88A1-D328C59A83AD}.Release|x64.ActiveCfg = Release|Any CPU
		{A55D14DB-7467-4593-88A1-D328C59A83AD}.Release|x64.Build.0 = Release|Any CPU
		{A55D14DB-7467-4593-88A1-D328C59A83AD}.Release|x86.ActiveCfg = Release|Any CPU
		{A55D14DB-7467-4593-88A1-D328C59A83AD}.Release|x86.Build.0 = Release|Any CPU
		{20BCC2AE-3793-45A0-BE86-5F235D225B0C}.Debug|Any CPU.ActiveCfg = Debug|Any CPU
		{20BCC2AE-3793-45A0-BE86-5F235D225B0C}.Debug|Any CPU.Build.0 = Debug|Any CPU
		{20BCC2AE-3793-45A0-BE86-5F235D225B0C}.Debug|x64.ActiveCfg = Debug|Any CPU
		{20BCC2AE-3793-45A0-BE86-5F235D225B0C}.Debug|x64.Build.0 = Debug|Any CPU
		{20BCC2AE-3793-45A0-BE86-5F235D225B0C}.Debug|x86.ActiveCfg = Debug|Any CPU
		{20BCC2AE-3793-45A0-BE86-5F235D225B0C}.Debug|x86.Build.0 = Debug|Any CPU
		{20BCC2AE-3793-45A0-BE86-5F235D225B0C}.Release|Any CPU.ActiveCfg = Release|Any CPU
		{20BCC2AE-3793-45A0-BE86-5F235D225B0C}.Release|Any CPU.Build.0 = Release|Any CPU
		{20BCC2AE-3793-45A0-BE86-5F235D225B0C}.Release|x64.ActiveCfg = Release|Any CPU
		{20BCC2AE-3793-45A0-BE86-5F235D225B0C}.Release|x64.Build.0 = Release|Any CPU
		{20BCC2AE-3793-45A0-BE86-5F235D225B0C}.Release|x86.ActiveCfg = Release|Any CPU
		{20BCC2AE-3793-45A0-BE86-5F235D225B0C}.Release|x86.Build.0 = Release|Any CPU
		{2CEF2E69-040A-4C3C-898E-6946AB9F1D33}.Debug|Any CPU.ActiveCfg = Debug|Any CPU
		{2CEF2E69-040A-4C3C-898E-6946AB9F1D33}.Debug|Any CPU.Build.0 = Debug|Any CPU
		{2CEF2E69-040A-4C3C-898E-6946AB9F1D33}.Debug|x64.ActiveCfg = Debug|Any CPU
		{2CEF2E69-040A-4C3C-898E-6946AB9F1D33}.Debug|x64.Build.0 = Debug|Any CPU
		{2CEF2E69-040A-4C3C-898E-6946AB9F1D33}.Debug|x86.ActiveCfg = Debug|Any CPU
		{2CEF2E69-040A-4C3C-898E-6946AB9F1D33}.Debug|x86.Build.0 = Debug|Any CPU
		{2CEF2E69-040A-4C3C-898E-6946AB9F1D33}.Release|Any CPU.ActiveCfg = Release|Any CPU
		{2CEF2E69-040A-4C3C-898E-6946AB9F1D33}.Release|Any CPU.Build.0 = Release|Any CPU
		{2CEF2E69-040A-4C3C-898E-6946AB9F1D33}.Release|x64.ActiveCfg = Release|Any CPU
		{2CEF2E69-040A-4C3C-898E-6946AB9F1D33}.Release|x64.Build.0 = Release|Any CPU
		{2CEF2E69-040A-4C3C-898E-6946AB9F1D33}.Release|x86.ActiveCfg = Release|Any CPU
		{2CEF2E69-040A-4C3C-898E-6946AB9F1D33}.Release|x86.Build.0 = Release|Any CPU
		{E5460D4C-3E2F-4ED4-B7B5-749BD7F79F36}.Debug|Any CPU.ActiveCfg = Debug|Any CPU
		{E5460D4C-3E2F-4ED4-B7B5-749BD7F79F36}.Debug|Any CPU.Build.0 = Debug|Any CPU
		{E5460D4C-3E2F-4ED4-B7B5-749BD7F79F36}.Debug|x64.ActiveCfg = Debug|Any CPU
		{E5460D4C-3E2F-4ED4-B7B5-749BD7F79F36}.Debug|x64.Build.0 = Debug|Any CPU
		{E5460D4C-3E2F-4ED4-B7B5-749BD7F79F36}.Debug|x86.ActiveCfg = Debug|Any CPU
		{E5460D4C-3E2F-4ED4-B7B5-749BD7F79F36}.Debug|x86.Build.0 = Debug|Any CPU
		{E5460D4C-3E2F-4ED4-B7B5-749BD7F79F36}.Release|Any CPU.ActiveCfg = Release|Any CPU
		{E5460D4C-3E2F-4ED4-B7B5-749BD7F79F36}.Release|Any CPU.Build.0 = Release|Any CPU
		{E5460D4C-3E2F-4ED4-B7B5-749BD7F79F36}.Release|x64.ActiveCfg = Release|Any CPU
		{E5460D4C-3E2F-4ED4-B7B5-749BD7F79F36}.Release|x64.Build.0 = Release|Any CPU
		{E5460D4C-3E2F-4ED4-B7B5-749BD7F79F36}.Release|x86.ActiveCfg = Release|Any CPU
		{E5460D4C-3E2F-4ED4-B7B5-749BD7F79F36}.Release|x86.Build.0 = Release|Any CPU
		{6432E540-F5DF-442C-9D2E-0F21A3A4DB1B}.Debug|Any CPU.ActiveCfg = Debug|Any CPU
		{6432E540-F5DF-442C-9D2E-0F21A3A4DB1B}.Debug|Any CPU.Build.0 = Debug|Any CPU
		{6432E540-F5DF-442C-9D2E-0F21A3A4DB1B}.Debug|x64.ActiveCfg = Debug|Any CPU
		{6432E540-F5DF-442C-9D2E-0F21A3A4DB1B}.Debug|x64.Build.0 = Debug|Any CPU
		{6432E540-F5DF-442C-9D2E-0F21A3A4DB1B}.Debug|x86.ActiveCfg = Debug|Any CPU
		{6432E540-F5DF-442C-9D2E-0F21A3A4DB1B}.Debug|x86.Build.0 = Debug|Any CPU
		{6432E540-F5DF-442C-9D2E-0F21A3A4DB1B}.Release|Any CPU.ActiveCfg = Release|Any CPU
		{6432E540-F5DF-442C-9D2E-0F21A3A4DB1B}.Release|Any CPU.Build.0 = Release|Any CPU
		{6432E540-F5DF-442C-9D2E-0F21A3A4DB1B}.Release|x64.ActiveCfg = Release|Any CPU
		{6432E540-F5DF-442C-9D2E-0F21A3A4DB1B}.Release|x64.Build.0 = Release|Any CPU
		{6432E540-F5DF-442C-9D2E-0F21A3A4DB1B}.Release|x86.ActiveCfg = Release|Any CPU
		{6432E540-F5DF-442C-9D2E-0F21A3A4DB1B}.Release|x86.Build.0 = Release|Any CPU
		{8E7BB1DE-64C1-4069-B968-4F0C0C18D7C0}.Debug|Any CPU.ActiveCfg = Debug|Any CPU
		{8E7BB1DE-64C1-4069-B968-4F0C0C18D7C0}.Debug|Any CPU.Build.0 = Debug|Any CPU
		{8E7BB1DE-64C1-4069-B968-4F0C0C18D7C0}.Debug|x64.ActiveCfg = Debug|Any CPU
		{8E7BB1DE-64C1-4069-B968-4F0C0C18D7C0}.Debug|x64.Build.0 = Debug|Any CPU
		{8E7BB1DE-64C1-4069-B968-4F0C0C18D7C0}.Debug|x86.ActiveCfg = Debug|Any CPU
		{8E7BB1DE-64C1-4069-B968-4F0C0C18D7C0}.Debug|x86.Build.0 = Debug|Any CPU
		{8E7BB1DE-64C1-4069-B968-4F0C0C18D7C0}.Release|Any CPU.ActiveCfg = Release|Any CPU
		{8E7BB1DE-64C1-4069-B968-4F0C0C18D7C0}.Release|Any CPU.Build.0 = Release|Any CPU
		{8E7BB1DE-64C1-4069-B968-4F0C0C18D7C0}.Release|x64.ActiveCfg = Release|Any CPU
		{8E7BB1DE-64C1-4069-B968-4F0C0C18D7C0}.Release|x64.Build.0 = Release|Any CPU
		{8E7BB1DE-64C1-4069-B968-4F0C0C18D7C0}.Release|x86.ActiveCfg = Release|Any CPU
		{8E7BB1DE-64C1-4069-B968-4F0C0C18D7C0}.Release|x86.Build.0 = Release|Any CPU
		{F864F442-5A3E-4F00-9E18-9BE9F5DFC3A9}.Debug|Any CPU.ActiveCfg = Debug|Any CPU
		{F864F442-5A3E-4F00-9E18-9BE9F5DFC3A9}.Debug|Any CPU.Build.0 = Debug|Any CPU
		{F864F442-5A3E-4F00-9E18-9BE9F5DFC3A9}.Debug|x64.ActiveCfg = Debug|Any CPU
		{F864F442-5A3E-4F00-9E18-9BE9F5DFC3A9}.Debug|x64.Build.0 = Debug|Any CPU
		{F864F442-5A3E-4F00-9E18-9BE9F5DFC3A9}.Debug|x86.ActiveCfg = Debug|Any CPU
		{F864F442-5A3E-4F00-9E18-9BE9F5DFC3A9}.Debug|x86.Build.0 = Debug|Any CPU
		{F864F442-5A3E-4F00-9E18-9BE9F5DFC3A9}.Release|Any CPU.ActiveCfg = Release|Any CPU
		{F864F442-5A3E-4F00-9E18-9BE9F5DFC3A9}.Release|Any CPU.Build.0 = Release|Any CPU
		{F864F442-5A3E-4F00-9E18-9BE9F5DFC3A9}.Release|x64.ActiveCfg = Release|Any CPU
		{F864F442-5A3E-4F00-9E18-9BE9F5DFC3A9}.Release|x64.Build.0 = Release|Any CPU
		{F864F442-5A3E-4F00-9E18-9BE9F5DFC3A9}.Release|x86.ActiveCfg = Release|Any CPU
		{F864F442-5A3E-4F00-9E18-9BE9F5DFC3A9}.Release|x86.Build.0 = Release|Any CPU
		{3C4C50E8-F27D-4450-846A-505EE842F443}.Debug|Any CPU.ActiveCfg = Debug|Any CPU
		{3C4C50E8-F27D-4450-846A-505EE842F443}.Debug|Any CPU.Build.0 = Debug|Any CPU
		{3C4C50E8-F27D-4450-846A-505EE842F443}.Debug|x64.ActiveCfg = Debug|Any CPU
		{3C4C50E8-F27D-4450-846A-505EE842F443}.Debug|x64.Build.0 = Debug|Any CPU
		{3C4C50E8-F27D-4450-846A-505EE842F443}.Debug|x86.ActiveCfg = Debug|Any CPU
		{3C4C50E8-F27D-4450-846A-505EE842F443}.Debug|x86.Build.0 = Debug|Any CPU
		{3C4C50E8-F27D-4450-846A-505EE842F443}.Release|Any CPU.ActiveCfg = Release|Any CPU
		{3C4C50E8-F27D-4450-846A-505EE842F443}.Release|Any CPU.Build.0 = Release|Any CPU
		{3C4C50E8-F27D-4450-846A-505EE842F443}.Release|x64.ActiveCfg = Release|Any CPU
		{3C4C50E8-F27D-4450-846A-505EE842F443}.Release|x64.Build.0 = Release|Any CPU
		{3C4C50E8-F27D-4450-846A-505EE842F443}.Release|x86.ActiveCfg = Release|Any CPU
		{3C4C50E8-F27D-4450-846A-505EE842F443}.Release|x86.Build.0 = Release|Any CPU
		{B9C4D023-5E6F-47A8-9B0C-1D2E3F4A5B6C}.Debug|Any CPU.ActiveCfg = Debug|Any CPU
		{B9C4D023-5E6F-47A8-9B0C-1D2E3F4A5B6C}.Debug|Any CPU.Build.0 = Debug|Any CPU
		{B9C4D023-5E6F-47A8-9B0C-1D2E3F4A5B6C}.Debug|x64.ActiveCfg = Debug|Any CPU
		{B9C4D023-5E6F-47A8-9B0C-1D2E3F4A5B6C}.Debug|x64.Build.0 = Debug|Any CPU
		{B9C4D023-5E6F-47A8-9B0C-1D2E3F4A5B6C}.Debug|x86.ActiveCfg = Debug|Any CPU
		{B9C4D023-5E6F-47A8-9B0C-1D2E3F4A5B6C}.Debug|x86.Build.0 = Debug|Any CPU
		{B9C4D023-5E6F-47A8-9B0C-1D2E3F4A5B6C}.Release|Any CPU.ActiveCfg = Release|Any CPU
		{B9C4D023-5E6F-47A8-9B0C-1D2E3F4A5B6C}.Release|Any CPU.Build.0 = Release|Any CPU
		{B9C4D023-5E6F-47A8-9B0C-1D2E3F4A5B6C}.Release|x64.ActiveCfg = Release|Any CPU
		{B9C4D023-5E6F-47A8-9B0C-1D2E3F4A5B6C}.Release|x64.Build.0 = Release|Any CPU
		{B9C4D023-5E6F-47A8-9B0C-1D2E3F4A5B6C}.Release|x86.ActiveCfg = Release|Any CPU
		{B9C4D023-5E6F-47A8-9B0C-1D2E3F4A5B6C}.Release|x86.Build.0 = Release|Any CPU
		{E4D3C2B1-F6E5-48A7-B9C0-2D1E3F4A5B6C}.Debug|Any CPU.ActiveCfg = Debug|Any CPU
		{E4D3C2B1-F6E5-48A7-B9C0-2D1E3F4A5B6C}.Debug|Any CPU.Build.0 = Debug|Any CPU
		{E4D3C2B1-F6E5-48A7-B9C0-2D1E3F4A5B6C}.Debug|x64.ActiveCfg = Debug|Any CPU
		{E4D3C2B1-F6E5-48A7-B9C0-2D1E3F4A5B6C}.Debug|x64.Build.0 = Debug|Any CPU
		{E4D3C2B1-F6E5-48A7-B9C0-2D1E3F4A5B6C}.Debug|x86.ActiveCfg = Debug|Any CPU
		{E4D3C2B1-F6E5-48A7-B9C0-2D1E3F4A5B6C}.Debug|x86.Build.0 = Debug|Any CPU
		{E4D3C2B1-F6E5-48A7-B9C0-2D1E3F4A5B6C}.Release|Any CPU.ActiveCfg = Release|Any CPU
		{E4D3C2B1-F6E5-48A7-B9C0-2D1E3F4A5B6C}.Release|Any CPU.Build.0 = Release|Any CPU
		{E4D3C2B1-F6E5-48A7-B9C0-2D1E3F4A5B6C}.Release|x64.ActiveCfg = Release|Any CPU
		{E4D3C2B1-F6E5-48A7-B9C0-2D1E3F4A5B6C}.Release|x64.Build.0 = Release|Any CPU
		{E4D3C2B1-F6E5-48A7-B9C0-2D1E3F4A5B6C}.Release|x86.ActiveCfg = Release|Any CPU
		{E4D3C2B1-F6E5-48A7-B9C0-2D1E3F4A5B6C}.Release|x86.Build.0 = Release|Any CPU
		{C7CD0C7E-2907-4820-9066-D62D07DCF18D}.Debug|Any CPU.ActiveCfg = Debug|Any CPU
		{C7CD0C7E-2907-4820-9066-D62D07DCF18D}.Debug|Any CPU.Build.0 = Debug|Any CPU
		{C7CD0C7E-2907-4820-9066-D62D07DCF18D}.Debug|x64.ActiveCfg = Debug|Any CPU
		{C7CD0C7E-2907-4820-9066-D62D07DCF18D}.Debug|x64.Build.0 = Debug|Any CPU
		{C7CD0C7E-2907-4820-9066-D62D07DCF18D}.Debug|x86.ActiveCfg = Debug|Any CPU
		{C7CD0C7E-2907-4820-9066-D62D07DCF18D}.Debug|x86.Build.0 = Debug|Any CPU
		{C7CD0C7E-2907-4820-9066-D62D07DCF18D}.Release|Any CPU.ActiveCfg = Release|Any CPU
		{C7CD0C7E-2907-4820-9066-D62D07DCF18D}.Release|Any CPU.Build.0 = Release|Any CPU
		{C7CD0C7E-2907-4820-9066-D62D07DCF18D}.Release|x64.ActiveCfg = Release|Any CPU
		{C7CD0C7E-2907-4820-9066-D62D07DCF18D}.Release|x64.Build.0 = Release|Any CPU
		{C7CD0C7E-2907-4820-9066-D62D07DCF18D}.Release|x86.ActiveCfg = Release|Any CPU
		{C7CD0C7E-2907-4820-9066-D62D07DCF18D}.Release|x86.Build.0 = Release|Any CPU
		{C572D9DB-1742-40E0-AE90-96A7ED818A00}.Debug|Any CPU.ActiveCfg = Debug|Any CPU
		{C572D9DB-1742-40E0-AE90-96A7ED818A00}.Debug|Any CPU.Build.0 = Debug|Any CPU
		{C572D9DB-1742-40E0-AE90-96A7ED818A00}.Debug|x64.ActiveCfg = Debug|Any CPU
		{C572D9DB-1742-40E0-AE90-96A7ED818A00}.Debug|x64.Build.0 = Debug|Any CPU
		{C572D9DB-1742-40E0-AE90-96A7ED818A00}.Debug|x86.ActiveCfg = Debug|Any CPU
		{C572D9DB-1742-40E0-AE90-96A7ED818A00}.Debug|x86.Build.0 = Debug|Any CPU
		{C572D9DB-1742-40E0-AE90-96A7ED818A00}.Release|Any CPU.ActiveCfg = Release|Any CPU
		{C572D9DB-1742-40E0-AE90-96A7ED818A00}.Release|Any CPU.Build.0 = Release|Any CPU
		{C572D9DB-1742-40E0-AE90-96A7ED818A00}.Release|x64.ActiveCfg = Release|Any CPU
		{C572D9DB-1742-40E0-AE90-96A7ED818A00}.Release|x64.Build.0 = Release|Any CPU
		{C572D9DB-1742-40E0-AE90-96A7ED818A00}.Release|x86.ActiveCfg = Release|Any CPU
		{C572D9DB-1742-40E0-AE90-96A7ED818A00}.Release|x86.Build.0 = Release|Any CPU
		{5C57E362-4D87-430A-BD8E-631457F5FEE5}.Debug|Any CPU.ActiveCfg = Debug|Any CPU
		{5C57E362-4D87-430A-BD8E-631457F5FEE5}.Debug|Any CPU.Build.0 = Debug|Any CPU
		{5C57E362-4D87-430A-BD8E-631457F5FEE5}.Debug|x64.ActiveCfg = Debug|Any CPU
		{5C57E362-4D87-430A-BD8E-631457F5FEE5}.Debug|x64.Build.0 = Debug|Any CPU
		{5C57E362-4D87-430A-BD8E-631457F5FEE5}.Debug|x86.ActiveCfg = Debug|Any CPU
		{5C57E362-4D87-430A-BD8E-631457F5FEE5}.Debug|x86.Build.0 = Debug|Any CPU
		{5C57E362-4D87-430A-BD8E-631457F5FEE5}.Release|Any CPU.ActiveCfg = Release|Any CPU
		{5C57E362-4D87-430A-BD8E-631457F5FEE5}.Release|Any CPU.Build.0 = Release|Any CPU
		{5C57E362-4D87-430A-BD8E-631457F5FEE5}.Release|x64.ActiveCfg = Release|Any CPU
		{5C57E362-4D87-430A-BD8E-631457F5FEE5}.Release|x64.Build.0 = Release|Any CPU
		{5C57E362-4D87-430A-BD8E-631457F5FEE5}.Release|x86.ActiveCfg = Release|Any CPU
		{5C57E362-4D87-430A-BD8E-631457F5FEE5}.Release|x86.Build.0 = Release|Any CPU
	EndGlobalSection
	GlobalSection(SolutionProperties) = preSolution
		HideSolutionNode = FALSE
	EndGlobalSection
	GlobalSection(NestedProjects) = preSolution
		{6BBFA1B0-9C9A-4F65-9C77-AE46AEECC734} = {827E0CD3-B72D-47B6-A68D-7590B98EB39B}
		{C37270EB-A391-4FC7-BC1C-8FC5981D49E2} = {827E0CD3-B72D-47B6-A68D-7590B98EB39B}
		{1353706D-27FD-4F7F-A223-F09AB884964D} = {827E0CD3-B72D-47B6-A68D-7590B98EB39B}
		{A55D14DB-7467-4593-88A1-D328C59A83AD} = {827E0CD3-B72D-47B6-A68D-7590B98EB39B}
		{20BCC2AE-3793-45A0-BE86-5F235D225B0C} = {0AB3BF05-4346-4AA6-1389-037BE0695223}
		{10D03555-1DFD-BC6C-709C-DB2102DC53DE} = {827E0CD3-B72D-47B6-A68D-7590B98EB39B}
		{FC4C624B-A9E1-4FDB-7A77-11C0F82B626C} = {10D03555-1DFD-BC6C-709C-DB2102DC53DE}
		{2CEF2E69-040A-4C3C-898E-6946AB9F1D33} = {FC4C624B-A9E1-4FDB-7A77-11C0F82B626C}
		{F87AFA21-5472-9BB1-6ADD-D7A5F199937E} = {10D03555-1DFD-BC6C-709C-DB2102DC53DE}
		{E5460D4C-3E2F-4ED4-B7B5-749BD7F79F36} = {F87AFA21-5472-9BB1-6ADD-D7A5F199937E}
		{77D76CBF-1F7F-8195-B5A6-0B3F5F3A479C} = {10D03555-1DFD-BC6C-709C-DB2102DC53DE}
		{6432E540-F5DF-442C-9D2E-0F21A3A4DB1B} = {77D76CBF-1F7F-8195-B5A6-0B3F5F3A479C}
		{6964F841-99E8-6AC2-C93E-D5647B93C489} = {10D03555-1DFD-BC6C-709C-DB2102DC53DE}
		{8E7BB1DE-64C1-4069-B968-4F0C0C18D7C0} = {6964F841-99E8-6AC2-C93E-D5647B93C489}
		{C5D5CBD2-BFD0-EECD-1C90-A3C9AB478E5C} = {10D03555-1DFD-BC6C-709C-DB2102DC53DE}
		{F864F442-5A3E-4F00-9E18-9BE9F5DFC3A9} = {C5D5CBD2-BFD0-EECD-1C90-A3C9AB478E5C}
		{B677DE33-B82A-1BEE-0747-6823C919C121} = {10D03555-1DFD-BC6C-709C-DB2102DC53DE}
		{3C4C50E8-F27D-4450-846A-505EE842F443} = {B677DE33-B82A-1BEE-0747-6823C919C121}
		{A8B3C912-4D5E-46F7-8A9B-0C1D2E3F4A5B} = {10D03555-1DFD-BC6C-709C-DB2102DC53DE}
		{B9C4D023-5E6F-47A8-9B0C-1D2E3F4A5B6C} = {A8B3C912-4D5E-46F7-8A9B-0C1D2E3F4A5B}
		{C1D2E3F4-A5B6-47C8-9D0E-1F2A3B4C5D6E} = {10D03555-1DFD-BC6C-709C-DB2102DC53DE}
		{E4D3C2B1-F6E5-48A7-B9C0-2D1E3F4A5B6C} = {C1D2E3F4-A5B6-47C8-9D0E-1F2A3B4C5D6E}
		{42FBACD1-6B5C-D3EA-AC48-E75B82BCE2FA} = {827E0CD3-B72D-47B6-A68D-7590B98EB39B}
		{36DD529A-1432-9173-7BF6-453EFDCD4899} = {42FBACD1-6B5C-D3EA-AC48-E75B82BCE2FA}
		{C7CD0C7E-2907-4820-9066-D62D07DCF18D} = {36DD529A-1432-9173-7BF6-453EFDCD4899}
		{7D198762-E409-2DFF-7CB1-D713EAA59A2C} = {42FBACD1-6B5C-D3EA-AC48-E75B82BCE2FA}
		{C572D9DB-1742-40E0-AE90-96A7ED818A00} = {7D198762-E409-2DFF-7CB1-D713EAA59A2C}
		{51E090A5-EAC9-FF22-8B21-E4D019A05697} = {10D03555-1DFD-BC6C-709C-DB2102DC53DE}
		{5C57E362-4D87-430A-BD8E-631457F5FEE5} = {51E090A5-EAC9-FF22-8B21-E4D019A05697}
	EndGlobalSection
EndGlobal
